
Microsoft Visual Studio Solution File, Format Version 12.00
# Visual Studio Version 16
VisualStudioVersion = 16.0.29728.190
MinimumVisualStudioVersion = 10.0.40219.1
Project("{FAE04EC0-301F-11D3-BF4B-00C04F79EFBC}") = "Day26-MVCValidation", "Day26-MVCValidation\Day26-MVCValidation.csproj", "{95FD7508-9FEA-4C7C-9621-5A3C35F7092C}"
EndProject
Global
	GlobalSection(SolutionConfigurationPlatforms) = preSolution
		Debug|Any CPU = Debug|Any CPU
		Release|Any CPU = Release|Any CPU
	EndGlobalSection
	GlobalSection(ProjectConfigurationPlatforms) = postSolution
		{95FD7508-9FEA-4C7C-9621-5A3C35F7092C}.Debug|Any CPU.ActiveCfg = Debug|Any CPU
		{95FD7508-9FEA-4C7C-9621-5A3C35F7092C}.Debug|Any CPU.Build.0 = Debug|Any CPU
		{95FD7508-9FEA-4C7C-9621-5A3C35F7092C}.Release|Any CPU.ActiveCfg = Release|Any CPU
		{95FD7508-9FEA-4C7C-9621-5A3C35F7092C}.Release|Any CPU.Build.0 = Release|Any CPU
	EndGlobalSection
	GlobalSection(SolutionProperties) = preSolution
		HideSolutionNode = FALSE
	EndGlobalSection
	GlobalSection(ExtensibilityGlobals) = postSolution
		SolutionGuid = {D2705D7A-5F24-4B16-BDF9-92D042DC7AAC}
	EndGlobalSection
EndGlobal
